
Microsoft Visual Studio Solution File, Format Version 12.00
# Visual Studio Version 17
VisualStudioVersion = 17.0.31903.59
MinimumVisualStudioVersion = 10.0.40219.1
Project("{FAE04EC0-301F-11D3-BF4B-00C04F79EFBC}") = "AgendaContato.Web", "AgendaContato.Web\AgendaContato.Web.csproj", "{C47C0EA3-C6E4-47F6-B609-3A20B75E8F87}"
EndProject
Project("{FAE04EC0-301F-11D3-BF4B-00C04F79EFBC}") = "AgendaContato.Models", "AgendaContato.Models\AgendaContato.Models.csproj", "{F76E028E-2149-49D5-9B2C-072B193AC14D}"
EndProject
Project("{FAE04EC0-301F-11D3-BF4B-00C04F79EFBC}") = "AgendaContato.Repository", "AgendaContato.Repository\AgendaContato.Repository.csproj", "{6B15BD65-6C47-475C-AA16-CC8C5654EB66}"
EndProject
Project("{FAE04EC0-301F-11D3-BF4B-00C04F79EFBC}") = "AgendaContato.Interfaces", "AgendaContato.Interfaces\AgendaContato.Interfaces.csproj", "{86E230F9-B323-4ED7-8578-70146C795570}"
EndProject
Project("{FAE04EC0-301F-11D3-BF4B-00C04F79EFBC}") = "AgendaContato.CrossCutting", "AgendaContato.CrossCutting\AgendaContato.CrossCutting.csproj", "{A2B815D0-8C5A-4828-90EF-DEE91FF2B538}"
EndProject
Global
	GlobalSection(SolutionConfigurationPlatforms) = preSolution
		Debug|Any CPU = Debug|Any CPU
		Release|Any CPU = Release|Any CPU
	EndGlobalSection
	GlobalSection(SolutionProperties) = preSolution
		HideSolutionNode = FALSE
	EndGlobalSection
	GlobalSection(ProjectConfigurationPlatforms) = postSolution
		{C47C0EA3-C6E4-47F6-B609-3A20B75E8F87}.Debug|Any CPU.ActiveCfg = Debug|Any CPU
		{C47C0EA3-C6E4-47F6-B609-3A20B75E8F87}.Debug|Any CPU.Build.0 = Debug|Any CPU
		{C47C0EA3-C6E4-47F6-B609-3A20B75E8F87}.Release|Any CPU.ActiveCfg = Release|Any CPU
		{C47C0EA3-C6E4-47F6-B609-3A20B75E8F87}.Release|Any CPU.Build.0 = Release|Any CPU
		{F76E028E-2149-49D5-9B2C-072B193AC14D}.Debug|Any CPU.ActiveCfg = Debug|Any CPU
		{F76E028E-2149-49D5-9B2C-072B193AC14D}.Debug|Any CPU.Build.0 = Debug|Any CPU
		{F76E028E-2149-49D5-9B2C-072B193AC14D}.Release|Any CPU.ActiveCfg = Release|Any CPU
		{F76E028E-2149-49D5-9B2C-072B193AC14D}.Release|Any CPU.Build.0 = Release|Any CPU
		{6B15BD65-6C47-475C-AA16-CC8C5654EB66}.Debug|Any CPU.ActiveCfg = Debug|Any CPU
		{6B15BD65-6C47-475C-AA16-CC8C5654EB66}.Debug|Any CPU.Build.0 = Debug|Any CPU
		{6B15BD65-6C47-475C-AA16-CC8C5654EB66}.Release|Any CPU.ActiveCfg = Release|Any CPU
		{6B15BD65-6C47-475C-AA16-CC8C5654EB66}.Release|Any CPU.Build.0 = Release|Any CPU
		{86E230F9-B323-4ED7-8578-70146C795570}.Debug|Any CPU.ActiveCfg = Debug|Any CPU
		{86E230F9-B323-4ED7-8578-70146C795570}.Debug|Any CPU.Build.0 = Debug|Any CPU
		{86E230F9-B323-4ED7-8578-70146C795570}.Release|Any CPU.ActiveCfg = Release|Any CPU
		{86E230F9-B323-4ED7-8578-70146C795570}.Release|Any CPU.Build.0 = Release|Any CPU
		{A2B815D0-8C5A-4828-90EF-DEE91FF2B538}.Debug|Any CPU.ActiveCfg = Debug|Any CPU
		{A2B815D0-8C5A-4828-90EF-DEE91FF2B538}.Debug|Any CPU.Build.0 = Debug|Any CPU
		{A2B815D0-8C5A-4828-90EF-DEE91FF2B538}.Release|Any CPU.ActiveCfg = Release|Any CPU
		{A2B815D0-8C5A-4828-90EF-DEE91FF2B538}.Release|Any CPU.Build.0 = Release|Any CPU
	EndGlobalSection
EndGlobal
